
Microsoft Visual Studio Solution File, Format Version 12.00
# Visual Studio Version 17
VisualStudioVersion = 17.13.35507.96
MinimumVisualStudioVersion = 10.0.40219.1
Project("{9A19103F-16F7-4668-BE54-9A1E7A4F7556}") = "APIQuanLyCuaHang", "APIQuanLyCuaHang\APIQuanLyCuaHang.csproj", "{1545BE79-1885-4A20-8FC8-6E2A20D4ACD6}"
EndProject
Project("{2150E333-8FDC-42A3-9474-1A3956D46DE8}") = "Solution_Items", "Solution_Items", "{162EE94F-6402-42DF-8C7D-C6BD9EF74999}"
	ProjectSection(SolutionItems) = preProject
		docker-compose.override.yml = docker-compose.override.yml
		docker-compose.yml = docker-compose.yml
	EndProjectSection
EndProject
Global
	GlobalSection(SolutionConfigurationPlatforms) = preSolution
		Debug|Any CPU = Debug|Any CPU
		Release|Any CPU = Release|Any CPU
	EndGlobalSection
	GlobalSection(ProjectConfigurationPlatforms) = postSolution
		{1545BE79-1885-4A20-8FC8-6E2A20D4ACD6}.Debug|Any CPU.ActiveCfg = Debug|Any CPU
		{1545BE79-1885-4A20-8FC8-6E2A20D4ACD6}.Debug|Any CPU.Build.0 = Debug|Any CPU
		{1545BE79-1885-4A20-8FC8-6E2A20D4ACD6}.Release|Any CPU.ActiveCfg = Release|Any CPU
		{1545BE79-1885-4A20-8FC8-6E2A20D4ACD6}.Release|Any CPU.Build.0 = Release|Any CPU
	EndGlobalSection
	GlobalSection(SolutionProperties) = preSolution
		HideSolutionNode = FALSE
	EndGlobalSection
	GlobalSection(ExtensibilityGlobals) = postSolution
		SolutionGuid = {1B7CDF5B-F82F-4831-AE9D-A9A1D008D79F}
	EndGlobalSection
EndGlobal
